{
  "name": "lasertag",
  "version": "1.0.0",
  "lockfileVersion": 1,
  "requires": true,
  "dependencies": {
    "aabb-3d": {
      "version": "0.1.0",
      "resolved": "https://registry.npmjs.org/aabb-3d/-/aabb-3d-0.1.0.tgz",
      "integrity": "sha1-ZRUh0GNLDz9QgWLmuM3snzU5MFM=",
      "requires": {
        "gl-matrix": "2.X.X"
      }
    },
    "centra": {
      "version": "2.4.0",
      "resolved": "https://registry.npmjs.org/centra/-/centra-2.4.0.tgz",
      "integrity": "sha512-AWmF3EHNe/noJHviynZOrdnUuQzT5AMgl9nJPXGvnzGXrI2ZvNDrEcdqskc4EtQwt2Q1IggXb0OXy7zZ1Xvvew=="
    },
    "gl-matrix": {
      "version": "2.8.1",
      "resolved": "https://registry.npmjs.org/gl-matrix/-/gl-matrix-2.8.1.tgz",
      "integrity": "sha512-0YCjVpE3pS5XWlN3J4X7AiAx65+nqAI54LndtVFnQZB6G/FVLkZH8y8V6R3cIoOQR4pUdfwQGd1iwyoXHJ4Qfw=="
    },
    "node-hill": {
      "version": "7.9.3",
      "resolved": "https://registry.npmjs.org/node-hill/-/node-hill-7.9.3.tgz",
      "integrity": "sha512-I0LExNJPHFefqCc92LgAPA6doLD9GBYDCUI/wrSdQ7au7nu4Pg03JB545V2/ryKaPMrHC9qmyAZiQCNk3OZlPA==",
      "requires": {
        "phin": "^3.4.1",
        "smart-buffer": "^4.1.0",
        "vm2": "^3.8.4"
      }
    },
    "phin": {
      "version": "3.4.1",
      "resolved": "https://registry.npmjs.org/phin/-/phin-3.4.1.tgz",
      "integrity": "sha512-NkBCNRPxeyrgaPlWx4DHTAdca3s2LkvIBiiG6RoSbykcOtW/pA/7rUP/67FPIinvbo7h+HENST/vJ17LdRNUdw==",
      "requires": {
        "centra": "^2.2.1"
      }
    },
    "smart-buffer": {
      "version": "4.1.0",
      "resolved": "https://registry.npmjs.org/smart-buffer/-/smart-buffer-4.1.0.tgz",
      "integrity": "sha512-iVICrxOzCynf/SNaBQCw34eM9jROU/s5rzIhpOvzhzuYHfJR/DhZfDkXiZSgKXfgv26HT3Yni3AV/DGw0cGnnw=="
    },
    "vm2": {
      "version": "3.9.5",
      "resolved": "https://registry.npmjs.org/vm2/-/vm2-3.9.5.tgz",
      "integrity": "sha512-LuCAHZN75H9tdrAiLFf030oW7nJV5xwNMuk1ymOZwopmuK3d2H4L1Kv4+GFHgarKiLfXXLFU+7LDABHnwOkWng=="
    }
  }
}
